
Microsoft Visual Studio Solution File, Format Version 12.00
# Visual Studio 15
VisualStudioVersion = 15.0.26206.0
MinimumVisualStudioVersion = 10.0.40219.1
Project("{FAE04EC0-301F-11D3-BF4B-00C04F79EFBC}") = "TransportTasksGenerator", "TransportTasksGenerator.csproj", "{C911DB29-38C0-43CA-9A65-262F324D2E8B}"
EndProject
Global
	GlobalSection(SolutionConfigurationPlatforms) = preSolution
		Debug|Any CPU = Debug|Any CPU
		Release|Any CPU = Release|Any CPU
	EndGlobalSection
	GlobalSection(ProjectConfigurationPlatforms) = postSolution
		{C911DB29-38C0-43CA-9A65-262F324D2E8B}.Debug|Any CPU.ActiveCfg = Debug|Any CPU
		{C911DB29-38C0-43CA-9A65-262F324D2E8B}.Debug|Any CPU.Build.0 = Debug|Any CPU
		{C911DB29-38C0-43CA-9A65-262F324D2E8B}.Release|Any CPU.ActiveCfg = Release|Any CPU
		{C911DB29-38C0-43CA-9A65-262F324D2E8B}.Release|Any CPU.Build.0 = Release|Any CPU
	EndGlobalSection
	GlobalSection(SolutionProperties) = preSolution
		HideSolutionNode = FALSE
	EndGlobalSection
EndGlobal
